{
  "name": "indiceperf",
  "version": "2.0.0",
  "lockfileVersion": 1,
  "requires": true,
  "dependencies": {
    "pdfjs-dist": {
      "version": "2.13.216",
      "resolved": "https://registry.npmjs.org/pdfjs-dist/-/pdfjs-dist-2.13.216.tgz",
      "integrity": "sha512-qn/9a/3IHIKZarTK6ajeeFXBkG15Lg1Fx99PxU09PAU2i874X8mTcHJYyDJxu7WDfNhV6hM7bRQBZU384anoqQ==",
      "requires": {
        "web-streams-polyfill": "^3.2.0"
      }
    },
    "web-streams-polyfill": {
      "version": "3.2.1",
      "resolved": "https://registry.npmjs.org/web-streams-polyfill/-/web-streams-polyfill-3.2.1.tgz",
      "integrity": "sha512-e0MO3wdXWKrLbL0DgGnUV7WHVuw9OUvL4hjgnPkIeEvESk74gAITi5G606JtZPp39cd8HA9VQzCIvA49LpPN5Q=="
    }
  }
}
